
Microsoft Visual Studio Solution File, Format Version 12.00
# Visual Studio Version 17
VisualStudioVersion = 17.5.002.0
MinimumVisualStudioVersion = 10.0.40219.1
Project("{9A19103F-16F7-4668-BE54-9A1E7A4F7556}") = "Sude", "Sude.csproj", "{D2A1BF77-48FC-4545-9A89-84CFEC56B4FF}"
EndProject
Global
	GlobalSection(SolutionConfigurationPlatforms) = preSolution
		Debug|Any CPU = Debug|Any CPU
		Release|Any CPU = Release|Any CPU
	EndGlobalSection
	GlobalSection(ProjectConfigurationPlatforms) = postSolution
		{D2A1BF77-48FC-4545-9A89-84CFEC56B4FF}.Debug|Any CPU.ActiveCfg = Debug|Any CPU
		{D2A1BF77-48FC-4545-9A89-84CFEC56B4FF}.Debug|Any CPU.Build.0 = Debug|Any CPU
		{D2A1BF77-48FC-4545-9A89-84CFEC56B4FF}.Release|Any CPU.ActiveCfg = Release|Any CPU
		{D2A1BF77-48FC-4545-9A89-84CFEC56B4FF}.Release|Any CPU.Build.0 = Release|Any CPU
	EndGlobalSection
	GlobalSection(SolutionProperties) = preSolution
		HideSolutionNode = FALSE
	EndGlobalSection
	GlobalSection(ExtensibilityGlobals) = postSolution
		SolutionGuid = {5450C86E-B45E-4667-8E25-5FBAF7CB0E7D}
	EndGlobalSection
EndGlobal
