
Microsoft Visual Studio Solution File, Format Version 12.00
# Visual Studio Version 17
VisualStudioVersion = 17.5.002.0
MinimumVisualStudioVersion = 10.0.40219.1
Project("{9A19103F-16F7-4668-BE54-9A1E7A4F7556}") = "Library W04", "Library W04.csproj", "{6F86B5B8-EE36-4DCD-A0D4-4C18331820B8}"
EndProject
Global
	GlobalSection(SolutionConfigurationPlatforms) = preSolution
		Debug|Any CPU = Debug|Any CPU
		Release|Any CPU = Release|Any CPU
	EndGlobalSection
	GlobalSection(ProjectConfigurationPlatforms) = postSolution
		{6F86B5B8-EE36-4DCD-A0D4-4C18331820B8}.Debug|Any CPU.ActiveCfg = Debug|Any CPU
		{6F86B5B8-EE36-4DCD-A0D4-4C18331820B8}.Debug|Any CPU.Build.0 = Debug|Any CPU
		{6F86B5B8-EE36-4DCD-A0D4-4C18331820B8}.Release|Any CPU.ActiveCfg = Release|Any CPU
		{6F86B5B8-EE36-4DCD-A0D4-4C18331820B8}.Release|Any CPU.Build.0 = Release|Any CPU
	EndGlobalSection
	GlobalSection(SolutionProperties) = preSolution
		HideSolutionNode = FALSE
	EndGlobalSection
	GlobalSection(ExtensibilityGlobals) = postSolution
		SolutionGuid = {CCCE0302-980E-4585-9D8E-8F7CBD2BB8F0}
	EndGlobalSection
EndGlobal
