
Microsoft Visual Studio Solution File, Format Version 12.00
# Visual Studio Version 17
VisualStudioVersion = 17.5.002.0
MinimumVisualStudioVersion = 10.0.40219.1
Project("{9A19103F-16F7-4668-BE54-9A1E7A4F7556}") = "LowkeyLesson", "LowkeyLesson.csproj", "{4C46E6F5-27EE-4CD3-B89E-E66594CE752D}"
EndProject
Global
	GlobalSection(SolutionConfigurationPlatforms) = preSolution
		Debug|Any CPU = Debug|Any CPU
		Release|Any CPU = Release|Any CPU
	EndGlobalSection
	GlobalSection(ProjectConfigurationPlatforms) = postSolution
		{4C46E6F5-27EE-4CD3-B89E-E66594CE752D}.Debug|Any CPU.ActiveCfg = Debug|Any CPU
		{4C46E6F5-27EE-4CD3-B89E-E66594CE752D}.Debug|Any CPU.Build.0 = Debug|Any CPU
		{4C46E6F5-27EE-4CD3-B89E-E66594CE752D}.Release|Any CPU.ActiveCfg = Release|Any CPU
		{4C46E6F5-27EE-4CD3-B89E-E66594CE752D}.Release|Any CPU.Build.0 = Release|Any CPU
	EndGlobalSection
	GlobalSection(SolutionProperties) = preSolution
		HideSolutionNode = FALSE
	EndGlobalSection
	GlobalSection(ExtensibilityGlobals) = postSolution
		SolutionGuid = {1FFBF1A7-715D-4D11-BDCC-2A18DF0B2F70}
	EndGlobalSection
EndGlobal
