
Microsoft Visual Studio Solution File, Format Version 12.00
# Visual Studio Version 17
VisualStudioVersion = 17.5.002.0
MinimumVisualStudioVersion = 10.0.40219.1
Project("{9A19103F-16F7-4668-BE54-9A1E7A4F7556}") = "PrivateMehtods", "PrivateMehtods.csproj", "{2BB7A62B-94A7-485F-97B9-DBAA382483CB}"
EndProject
Global
	GlobalSection(SolutionConfigurationPlatforms) = preSolution
		Debug|Any CPU = Debug|Any CPU
		Release|Any CPU = Release|Any CPU
	EndGlobalSection
	GlobalSection(ProjectConfigurationPlatforms) = postSolution
		{2BB7A62B-94A7-485F-97B9-DBAA382483CB}.Debug|Any CPU.ActiveCfg = Debug|Any CPU
		{2BB7A62B-94A7-485F-97B9-DBAA382483CB}.Debug|Any CPU.Build.0 = Debug|Any CPU
		{2BB7A62B-94A7-485F-97B9-DBAA382483CB}.Release|Any CPU.ActiveCfg = Release|Any CPU
		{2BB7A62B-94A7-485F-97B9-DBAA382483CB}.Release|Any CPU.Build.0 = Release|Any CPU
	EndGlobalSection
	GlobalSection(SolutionProperties) = preSolution
		HideSolutionNode = FALSE
	EndGlobalSection
	GlobalSection(ExtensibilityGlobals) = postSolution
		SolutionGuid = {87ED6212-3C49-4DBE-BF75-1B04C29F31EA}
	EndGlobalSection
EndGlobal
