
Microsoft Visual Studio Solution File, Format Version 12.00
# Visual Studio Version 17
VisualStudioVersion = 17.5.002.0
MinimumVisualStudioVersion = 10.0.40219.1
Project("{9A19103F-16F7-4668-BE54-9A1E7A4F7556}") = "AreWeThereYet", "AreWeThereYet.csproj", "{09CBFFE1-0ECD-4303-831E-B6F2643572A4}"
EndProject
Global
	GlobalSection(SolutionConfigurationPlatforms) = preSolution
		Debug|Any CPU = Debug|Any CPU
		Release|Any CPU = Release|Any CPU
	EndGlobalSection
	GlobalSection(ProjectConfigurationPlatforms) = postSolution
		{09CBFFE1-0ECD-4303-831E-B6F2643572A4}.Debug|Any CPU.ActiveCfg = Debug|Any CPU
		{09CBFFE1-0ECD-4303-831E-B6F2643572A4}.Debug|Any CPU.Build.0 = Debug|Any CPU
		{09CBFFE1-0ECD-4303-831E-B6F2643572A4}.Release|Any CPU.ActiveCfg = Release|Any CPU
		{09CBFFE1-0ECD-4303-831E-B6F2643572A4}.Release|Any CPU.Build.0 = Release|Any CPU
	EndGlobalSection
	GlobalSection(SolutionProperties) = preSolution
		HideSolutionNode = FALSE
	EndGlobalSection
	GlobalSection(ExtensibilityGlobals) = postSolution
		SolutionGuid = {856B3539-F1C5-4B93-B2F7-BAC971314F72}
	EndGlobalSection
EndGlobal
