
Microsoft Visual Studio Solution File, Format Version 12.00
# Visual Studio Version 17
VisualStudioVersion = 17.5.002.0
MinimumVisualStudioVersion = 10.0.40219.1
Project("{9A19103F-16F7-4668-BE54-9A1E7A4F7556}") = "GroceryList", "GroceryList.csproj", "{2A4856ED-FFD4-452C-A115-391517DF352C}"
EndProject
Global
	GlobalSection(SolutionConfigurationPlatforms) = preSolution
		Debug|Any CPU = Debug|Any CPU
		Release|Any CPU = Release|Any CPU
	EndGlobalSection
	GlobalSection(ProjectConfigurationPlatforms) = postSolution
		{2A4856ED-FFD4-452C-A115-391517DF352C}.Debug|Any CPU.ActiveCfg = Debug|Any CPU
		{2A4856ED-FFD4-452C-A115-391517DF352C}.Debug|Any CPU.Build.0 = Debug|Any CPU
		{2A4856ED-FFD4-452C-A115-391517DF352C}.Release|Any CPU.ActiveCfg = Release|Any CPU
		{2A4856ED-FFD4-452C-A115-391517DF352C}.Release|Any CPU.Build.0 = Release|Any CPU
	EndGlobalSection
	GlobalSection(SolutionProperties) = preSolution
		HideSolutionNode = FALSE
	EndGlobalSection
	GlobalSection(ExtensibilityGlobals) = postSolution
		SolutionGuid = {E32FD657-D578-46DF-AE56-6993ABE20806}
	EndGlobalSection
EndGlobal
