
Microsoft Visual Studio Solution File, Format Version 12.00
# Visual Studio Version 17
VisualStudioVersion = 17.5.002.0
MinimumVisualStudioVersion = 10.0.40219.1
Project("{9A19103F-16F7-4668-BE54-9A1E7A4F7556}") = "RollTheDice", "RollTheDice.csproj", "{0FA575C1-E2FB-49D4-B4AF-823687513FBB}"
EndProject
Project("{9A19103F-16F7-4668-BE54-9A1E7A4F7556}") = "RollTheDiceTest", "RollTheDiceTest\RollTheDiceTest.csproj", "{65235A73-BD68-44D3-BECA-58310D64799E}"
EndProject
Global
	GlobalSection(SolutionConfigurationPlatforms) = preSolution
		Debug|Any CPU = Debug|Any CPU
		Release|Any CPU = Release|Any CPU
	EndGlobalSection
	GlobalSection(ProjectConfigurationPlatforms) = postSolution
		{0FA575C1-E2FB-49D4-B4AF-823687513FBB}.Debug|Any CPU.ActiveCfg = Debug|Any CPU
		{0FA575C1-E2FB-49D4-B4AF-823687513FBB}.Debug|Any CPU.Build.0 = Debug|Any CPU
		{0FA575C1-E2FB-49D4-B4AF-823687513FBB}.Release|Any CPU.ActiveCfg = Release|Any CPU
		{0FA575C1-E2FB-49D4-B4AF-823687513FBB}.Release|Any CPU.Build.0 = Release|Any CPU
		{65235A73-BD68-44D3-BECA-58310D64799E}.Debug|Any CPU.ActiveCfg = Debug|Any CPU
		{65235A73-BD68-44D3-BECA-58310D64799E}.Debug|Any CPU.Build.0 = Debug|Any CPU
		{65235A73-BD68-44D3-BECA-58310D64799E}.Release|Any CPU.ActiveCfg = Release|Any CPU
		{65235A73-BD68-44D3-BECA-58310D64799E}.Release|Any CPU.Build.0 = Release|Any CPU
	EndGlobalSection
	GlobalSection(SolutionProperties) = preSolution
		HideSolutionNode = FALSE
	EndGlobalSection
	GlobalSection(ExtensibilityGlobals) = postSolution
		SolutionGuid = {D26E85E7-E8F8-4240-BA87-0E026F9103B1}
	EndGlobalSection
EndGlobal
