
Microsoft Visual Studio Solution File, Format Version 12.00
# Visual Studio Version 17
VisualStudioVersion = 17.5.002.0
MinimumVisualStudioVersion = 10.0.40219.1
Project("{9A19103F-16F7-4668-BE54-9A1E7A4F7556}") = "FixSyntaxAndLogicalErrors", "FixSyntaxAndLogicalErrors.csproj", "{F998F5A3-78F8-446E-8C41-70538D1A7461}"
EndProject
Global
	GlobalSection(SolutionConfigurationPlatforms) = preSolution
		Debug|Any CPU = Debug|Any CPU
		Release|Any CPU = Release|Any CPU
	EndGlobalSection
	GlobalSection(ProjectConfigurationPlatforms) = postSolution
		{F998F5A3-78F8-446E-8C41-70538D1A7461}.Debug|Any CPU.ActiveCfg = Debug|Any CPU
		{F998F5A3-78F8-446E-8C41-70538D1A7461}.Debug|Any CPU.Build.0 = Debug|Any CPU
		{F998F5A3-78F8-446E-8C41-70538D1A7461}.Release|Any CPU.ActiveCfg = Release|Any CPU
		{F998F5A3-78F8-446E-8C41-70538D1A7461}.Release|Any CPU.Build.0 = Release|Any CPU
	EndGlobalSection
	GlobalSection(SolutionProperties) = preSolution
		HideSolutionNode = FALSE
	EndGlobalSection
	GlobalSection(ExtensibilityGlobals) = postSolution
		SolutionGuid = {7866E268-EE6A-41AD-95F9-02A10E59A0FE}
	EndGlobalSection
EndGlobal
