
Microsoft Visual Studio Solution File, Format Version 12.00
# Visual Studio Version 17
VisualStudioVersion = 17.5.002.0
MinimumVisualStudioVersion = 10.0.40219.1
Project("{9A19103F-16F7-4668-BE54-9A1E7A4F7556}") = "PayAndTip", "PayAndTip.csproj", "{D848167C-2D89-4312-8043-42E1989ECD20}"
EndProject
Global
	GlobalSection(SolutionConfigurationPlatforms) = preSolution
		Debug|Any CPU = Debug|Any CPU
		Release|Any CPU = Release|Any CPU
	EndGlobalSection
	GlobalSection(ProjectConfigurationPlatforms) = postSolution
		{D848167C-2D89-4312-8043-42E1989ECD20}.Debug|Any CPU.ActiveCfg = Debug|Any CPU
		{D848167C-2D89-4312-8043-42E1989ECD20}.Debug|Any CPU.Build.0 = Debug|Any CPU
		{D848167C-2D89-4312-8043-42E1989ECD20}.Release|Any CPU.ActiveCfg = Release|Any CPU
		{D848167C-2D89-4312-8043-42E1989ECD20}.Release|Any CPU.Build.0 = Release|Any CPU
	EndGlobalSection
	GlobalSection(SolutionProperties) = preSolution
		HideSolutionNode = FALSE
	EndGlobalSection
	GlobalSection(ExtensibilityGlobals) = postSolution
		SolutionGuid = {6A15CCC7-D58E-435F-8689-176593E008DF}
	EndGlobalSection
EndGlobal
